
Microsoft Visual Studio Solution File, Format Version 12.00
# Visual Studio 14
VisualStudioVersion = 14.0.23107.0
MinimumVisualStudioVersion = 10.0.40219.1
Project("{FAE04EC0-301F-11D3-BF4B-00C04F79EFBC}") = "Class 3 Homework", "Class 3 Homework\Class 3 Homework.csproj", "{3D03B7F5-C928-4DD3-A4D4-E009B7E53A68}"
EndProject
Project("{FAE04EC0-301F-11D3-BF4B-00C04F79EFBC}") = "1. StringBuilderExtension", "ConsoleApplication1\1. StringBuilderExtension.csproj", "{5F976D91-391F-4D2B-8F07-2E624A05C964}"
EndProject
Global
	GlobalSection(SolutionConfigurationPlatforms) = preSolution
		Debug|Any CPU = Debug|Any CPU
		Release|Any CPU = Release|Any CPU
	EndGlobalSection
	GlobalSection(ProjectConfigurationPlatforms) = postSolution
		{3D03B7F5-C928-4DD3-A4D4-E009B7E53A68}.Debug|Any CPU.ActiveCfg = Debug|Any CPU
		{3D03B7F5-C928-4DD3-A4D4-E009B7E53A68}.Debug|Any CPU.Build.0 = Debug|Any CPU
		{3D03B7F5-C928-4DD3-A4D4-E009B7E53A68}.Release|Any CPU.ActiveCfg = Release|Any CPU
		{3D03B7F5-C928-4DD3-A4D4-E009B7E53A68}.Release|Any CPU.Build.0 = Release|Any CPU
		{5F976D91-391F-4D2B-8F07-2E624A05C964}.Debug|Any CPU.ActiveCfg = Debug|Any CPU
		{5F976D91-391F-4D2B-8F07-2E624A05C964}.Debug|Any CPU.Build.0 = Debug|Any CPU
		{5F976D91-391F-4D2B-8F07-2E624A05C964}.Release|Any CPU.ActiveCfg = Release|Any CPU
		{5F976D91-391F-4D2B-8F07-2E624A05C964}.Release|Any CPU.Build.0 = Release|Any CPU
	EndGlobalSection
	GlobalSection(SolutionProperties) = preSolution
		HideSolutionNode = FALSE
	EndGlobalSection
EndGlobal
