
Microsoft Visual Studio Solution File, Format Version 12.00
# Visual Studio 14
VisualStudioVersion = 14.0.23107.0
MinimumVisualStudioVersion = 10.0.40219.1
Project("{FAE04EC0-301F-11D3-BF4B-00C04F79EFBC}") = "Class 4 Exercise and homework by Marin", "Class 4 Exercise and homework by Marin\Class 4 Exercise and homework by Marin.csproj", "{92755464-2EED-440E-BED0-A657203F40F7}"
EndProject
Project("{FAE04EC0-301F-11D3-BF4B-00C04F79EFBC}") = "MyExtensions", "MyExtensions\MyExtensions.csproj", "{8B994A44-C27B-4C4D-A043-D81776A3BA70}"
EndProject
Global
	GlobalSection(SolutionConfigurationPlatforms) = preSolution
		Debug|Any CPU = Debug|Any CPU
		Release|Any CPU = Release|Any CPU
	EndGlobalSection
	GlobalSection(ProjectConfigurationPlatforms) = postSolution
		{92755464-2EED-440E-BED0-A657203F40F7}.Debug|Any CPU.ActiveCfg = Debug|Any CPU
		{92755464-2EED-440E-BED0-A657203F40F7}.Debug|Any CPU.Build.0 = Debug|Any CPU
		{92755464-2EED-440E-BED0-A657203F40F7}.Release|Any CPU.ActiveCfg = Release|Any CPU
		{92755464-2EED-440E-BED0-A657203F40F7}.Release|Any CPU.Build.0 = Release|Any CPU
		{8B994A44-C27B-4C4D-A043-D81776A3BA70}.Debug|Any CPU.ActiveCfg = Debug|Any CPU
		{8B994A44-C27B-4C4D-A043-D81776A3BA70}.Debug|Any CPU.Build.0 = Debug|Any CPU
		{8B994A44-C27B-4C4D-A043-D81776A3BA70}.Release|Any CPU.ActiveCfg = Release|Any CPU
		{8B994A44-C27B-4C4D-A043-D81776A3BA70}.Release|Any CPU.Build.0 = Release|Any CPU
	EndGlobalSection
	GlobalSection(SolutionProperties) = preSolution
		HideSolutionNode = FALSE
	EndGlobalSection
EndGlobal
